// !$*UTF8*$!
{
	archiveVersion = 1;
	classes = {
	};
	objectVersion = 46;
	objects = {

/* Begin PBXBuildFile section */
		C72D13571C5A37E30030B2CF /* SwiftyJSON.swift in Sources */ = {isa = PBXBuildFile; fileRef = C72D13561C5A37E30030B2CF /* SwiftyJSON.swift */; };
		ED00F0D51C58743600D70CCC /* AppDelegate.swift in Sources */ = {isa = PBXBuildFile; fileRef = ED00F0D41C58743600D70CCC /* AppDelegate.swift */; };
		ED00F0D71C58743600D70CCC /* ViewController.swift in Sources */ = {isa = PBXBuildFile; fileRef = ED00F0D61C58743600D70CCC /* ViewController.swift */; };
		ED00F0DA1C58743600D70CCC /* Main.storyboard in Resources */ = {isa = PBXBuildFile; fileRef = ED00F0D81C58743600D70CCC /* Main.storyboard */; };
		ED00F0DC1C58743600D70CCC /* Assets.xcassets in Resources */ = {isa = PBXBuildFile; fileRef = ED00F0DB1C58743600D70CCC /* Assets.xcassets */; };
		ED00F0DF1C58743600D70CCC /* LaunchScreen.storyboard in Resources */ = {isa = PBXBuildFile; fileRef = ED00F0DD1C58743600D70CCC /* LaunchScreen.storyboard */; };
		ED00F0EA1C58743600D70CCC /* vt_IOSlib_SampleStoreTests.swift in Sources */ = {isa = PBXBuildFile; fileRef = ED00F0E91C58743600D70CCC /* vt_IOSlib_SampleStoreTests.swift */; };
		ED00F0F51C58743600D70CCC /* vt_IOSlib_SampleStoreUITests.swift in Sources */ = {isa = PBXBuildFile; fileRef = ED00F0F41C58743600D70CCC /* vt_IOSlib_SampleStoreUITests.swift */; };
		ED00F11A1C5874D200D70CCC /* VTAddress.m in Sources */ = {isa = PBXBuildFile; fileRef = ED00F1041C5874D200D70CCC /* VTAddress.m */; };
		ED00F11B1C5874D200D70CCC /* VTBaseTransaction.m in Sources */ = {isa = PBXBuildFile; fileRef = ED00F1061C5874D200D70CCC /* VTBaseTransaction.m */; };
		ED00F11C1C5874D200D70CCC /* VTBaseTransactionMethod.m in Sources */ = {isa = PBXBuildFile; fileRef = ED00F1081C5874D200D70CCC /* VTBaseTransactionMethod.m */; };
		ED00F11D1C5874D200D70CCC /* VTCardDetails.m in Sources */ = {isa = PBXBuildFile; fileRef = ED00F10A1C5874D200D70CCC /* VTCardDetails.m */; };
		ED00F11E1C5874D200D70CCC /* VTConfig.m in Sources */ = {isa = PBXBuildFile; fileRef = ED00F10C1C5874D200D70CCC /* VTConfig.m */; };
		ED00F11F1C5874D200D70CCC /* VTCustomerDetails.m in Sources */ = {isa = PBXBuildFile; fileRef = ED00F10E1C5874D200D70CCC /* VTCustomerDetails.m */; };
		ED00F1201C5874D200D70CCC /* VTDirect.m in Sources */ = {isa = PBXBuildFile; fileRef = ED00F1101C5874D200D70CCC /* VTDirect.m */; };
		ED00F1211C5874D200D70CCC /* VTiOSAPI.m in Sources */ = {isa = PBXBuildFile; fileRef = ED00F1131C5874D200D70CCC /* VTiOSAPI.m */; };
		ED00F1221C5874D200D70CCC /* VTItemDetails.m in Sources */ = {isa = PBXBuildFile; fileRef = ED00F1151C5874D200D70CCC /* VTItemDetails.m */; };
		ED00F1231C5874D200D70CCC /* VTToken.m in Sources */ = {isa = PBXBuildFile; fileRef = ED00F1171C5874D200D70CCC /* VTToken.m */; };
		ED00F1241C5874D200D70CCC /* VTTransactionDetails.m in Sources */ = {isa = PBXBuildFile; fileRef = ED00F1191C5874D200D70CCC /* VTTransactionDetails.m */; };
/* End PBXBuildFile section */

/* Begin PBXContainerItemProxy section */
		ED00F0E61C58743600D70CCC /* PBXContainerItemProxy */ = {
			isa = PBXContainerItemProxy;
			containerPortal = ED00F0C91C58743600D70CCC /* Project object */;
			proxyType = 1;
			remoteGlobalIDString = ED00F0D01C58743600D70CCC;
			remoteInfo = "vt-IOSlib-SampleStore";
		};
		ED00F0F11C58743600D70CCC /* PBXContainerItemProxy */ = {
			isa = PBXContainerItemProxy;
			containerPortal = ED00F0C91C58743600D70CCC /* Project object */;
			proxyType = 1;
			remoteGlobalIDString = ED00F0D01C58743600D70CCC;
			remoteInfo = "vt-IOSlib-SampleStore";
		};
/* End PBXContainerItemProxy section */

/* Begin PBXFileReference section */
		C72D13561C5A37E30030B2CF /* SwiftyJSON.swift */ = {isa = PBXFileReference; fileEncoding = 4; lastKnownFileType = sourcecode.swift; path = SwiftyJSON.swift; sourceTree = "<group>"; };
		ED00F0D11C58743600D70CCC /* vt-IOSlib-SampleStore.app */ = {isa = PBXFileReference; explicitFileType = wrapper.application; includeInIndex = 0; path = "vt-IOSlib-SampleStore.app"; sourceTree = BUILT_PRODUCTS_DIR; };
		ED00F0D41C58743600D70CCC /* AppDelegate.swift */ = {isa = PBXFileReference; lastKnownFileType = sourcecode.swift; path = AppDelegate.swift; sourceTree = "<group>"; };
		ED00F0D61C58743600D70CCC /* ViewController.swift */ = {isa = PBXFileReference; lastKnownFileType = sourcecode.swift; path = ViewController.swift; sourceTree = "<group>"; };
		ED00F0D91C58743600D70CCC /* Base */ = {isa = PBXFileReference; lastKnownFileType = file.storyboard; name = Base; path = Base.lproj/Main.storyboard; sourceTree = "<group>"; };
		ED00F0DB1C58743600D70CCC /* Assets.xcassets */ = {isa = PBXFileReference; lastKnownFileType = folder.assetcatalog; path = Assets.xcassets; sourceTree = "<group>"; };
		ED00F0DE1C58743600D70CCC /* Base */ = {isa = PBXFileReference; lastKnownFileType = file.storyboard; name = Base; path = Base.lproj/LaunchScreen.storyboard; sourceTree = "<group>"; };
		ED00F0E01C58743600D70CCC /* Info.plist */ = {isa = PBXFileReference; lastKnownFileType = text.plist.xml; path = Info.plist; sourceTree = "<group>"; };
		ED00F0E51C58743600D70CCC /* vt-IOSlib-SampleStoreTests.xctest */ = {isa = PBXFileReference; explicitFileType = wrapper.cfbundle; includeInIndex = 0; path = "vt-IOSlib-SampleStoreTests.xctest"; sourceTree = BUILT_PRODUCTS_DIR; };
		ED00F0E91C58743600D70CCC /* vt_IOSlib_SampleStoreTests.swift */ = {isa = PBXFileReference; lastKnownFileType = sourcecode.swift; path = vt_IOSlib_SampleStoreTests.swift; sourceTree = "<group>"; };
		ED00F0EB1C58743600D70CCC /* Info.plist */ = {isa = PBXFileReference; lastKnownFileType = text.plist.xml; path = Info.plist; sourceTree = "<group>"; };
		ED00F0F01C58743600D70CCC /* vt-IOSlib-SampleStoreUITests.xctest */ = {isa = PBXFileReference; explicitFileType = wrapper.cfbundle; includeInIndex = 0; path = "vt-IOSlib-SampleStoreUITests.xctest"; sourceTree = BUILT_PRODUCTS_DIR; };
		ED00F0F41C58743600D70CCC /* vt_IOSlib_SampleStoreUITests.swift */ = {isa = PBXFileReference; lastKnownFileType = sourcecode.swift; path = vt_IOSlib_SampleStoreUITests.swift; sourceTree = "<group>"; };
		ED00F0F61C58743600D70CCC /* Info.plist */ = {isa = PBXFileReference; lastKnownFileType = text.plist.xml; path = Info.plist; sourceTree = "<group>"; };
		ED00F1031C5874D200D70CCC /* VTAddress.h */ = {isa = PBXFileReference; fileEncoding = 4; lastKnownFileType = sourcecode.c.h; name = VTAddress.h; path = lib/VTAddress.h; sourceTree = "<group>"; };
		ED00F1041C5874D200D70CCC /* VTAddress.m */ = {isa = PBXFileReference; fileEncoding = 4; lastKnownFileType = sourcecode.c.objc; name = VTAddress.m; path = lib/VTAddress.m; sourceTree = "<group>"; };
		ED00F1051C5874D200D70CCC /* VTBaseTransaction.h */ = {isa = PBXFileReference; fileEncoding = 4; lastKnownFileType = sourcecode.c.h; name = VTBaseTransaction.h; path = lib/VTBaseTransaction.h; sourceTree = "<group>"; };
		ED00F1061C5874D200D70CCC /* VTBaseTransaction.m */ = {isa = PBXFileReference; fileEncoding = 4; lastKnownFileType = sourcecode.c.objc; name = VTBaseTransaction.m; path = lib/VTBaseTransaction.m; sourceTree = "<group>"; };
		ED00F1071C5874D200D70CCC /* VTBaseTransactionMethod.h */ = {isa = PBXFileReference; fileEncoding = 4; lastKnownFileType = sourcecode.c.h; name = VTBaseTransactionMethod.h; path = lib/VTBaseTransactionMethod.h; sourceTree = "<group>"; };
		ED00F1081C5874D200D70CCC /* VTBaseTransactionMethod.m */ = {isa = PBXFileReference; fileEncoding = 4; lastKnownFileType = sourcecode.c.objc; name = VTBaseTransactionMethod.m; path = lib/VTBaseTransactionMethod.m; sourceTree = "<group>"; };
		ED00F1091C5874D200D70CCC /* VTCardDetails.h */ = {isa = PBXFileReference; fileEncoding = 4; lastKnownFileType = sourcecode.c.h; name = VTCardDetails.h; path = lib/VTCardDetails.h; sourceTree = "<group>"; };
		ED00F10A1C5874D200D70CCC /* VTCardDetails.m */ = {isa = PBXFileReference; fileEncoding = 4; lastKnownFileType = sourcecode.c.objc; name = VTCardDetails.m; path = lib/VTCardDetails.m; sourceTree = "<group>"; };
		ED00F10B1C5874D200D70CCC /* VTConfig.h */ = {isa = PBXFileReference; fileEncoding = 4; lastKnownFileType = sourcecode.c.h; name = VTConfig.h; path = lib/VTConfig.h; sourceTree = "<group>"; };
		ED00F10C1C5874D200D70CCC /* VTConfig.m */ = {isa = PBXFileReference; fileEncoding = 4; lastKnownFileType = sourcecode.c.objc; name = VTConfig.m; path = lib/VTConfig.m; sourceTree = "<group>"; };
		ED00F10D1C5874D200D70CCC /* VTCustomerDetails.h */ = {isa = PBXFileReference; fileEncoding = 4; lastKnownFileType = sourcecode.c.h; name = VTCustomerDetails.h; path = lib/VTCustomerDetails.h; sourceTree = "<group>"; };
		ED00F10E1C5874D200D70CCC /* VTCustomerDetails.m */ = {isa = PBXFileReference; fileEncoding = 4; lastKnownFileType = sourcecode.c.objc; name = VTCustomerDetails.m; path = lib/VTCustomerDetails.m; sourceTree = "<group>"; };
		ED00F10F1C5874D200D70CCC /* VTDirect.h */ = {isa = PBXFileReference; fileEncoding = 4; lastKnownFileType = sourcecode.c.h; name = VTDirect.h; path = lib/VTDirect.h; sourceTree = "<group>"; };
		ED00F1101C5874D200D70CCC /* VTDirect.m */ = {isa = PBXFileReference; fileEncoding = 4; lastKnownFileType = sourcecode.c.objc; name = VTDirect.m; path = lib/VTDirect.m; sourceTree = "<group>"; };
		ED00F1121C5874D200D70CCC /* VTiOSAPI.h */ = {isa = PBXFileReference; fileEncoding = 4; lastKnownFileType = sourcecode.c.h; name = VTiOSAPI.h; path = lib/VTiOSAPI.h; sourceTree = "<group>"; };
		ED00F1131C5874D200D70CCC /* VTiOSAPI.m */ = {isa = PBXFileReference; fileEncoding = 4; lastKnownFileType = sourcecode.c.objc; name = VTiOSAPI.m; path = lib/VTiOSAPI.m; sourceTree = "<group>"; };
		ED00F1141C5874D200D70CCC /* VTItemDetails.h */ = {isa = PBXFileReference; fileEncoding = 4; lastKnownFileType = sourcecode.c.h; name = VTItemDetails.h; path = lib/VTItemDetails.h; sourceTree = "<group>"; };
		ED00F1151C5874D200D70CCC /* VTItemDetails.m */ = {isa = PBXFileReference; fileEncoding = 4; lastKnownFileType = sourcecode.c.objc; name = VTItemDetails.m; path = lib/VTItemDetails.m; sourceTree = "<group>"; };
		ED00F1161C5874D200D70CCC /* VTToken.h */ = {isa = PBXFileReference; fileEncoding = 4; lastKnownFileType = sourcecode.c.h; name = VTToken.h; path = lib/VTToken.h; sourceTree = "<group>"; };
		ED00F1171C5874D200D70CCC /* VTToken.m */ = {isa = PBXFileReference; fileEncoding = 4; lastKnownFileType = sourcecode.c.objc; name = VTToken.m; path = lib/VTToken.m; sourceTree = "<group>"; };
		ED00F1181C5874D200D70CCC /* VTTransactionDetails.h */ = {isa = PBXFileReference; fileEncoding = 4; lastKnownFileType = sourcecode.c.h; name = VTTransactionDetails.h; path = lib/VTTransactionDetails.h; sourceTree = "<group>"; };
		ED00F1191C5874D200D70CCC /* VTTransactionDetails.m */ = {isa = PBXFileReference; fileEncoding = 4; lastKnownFileType = sourcecode.c.objc; name = VTTransactionDetails.m; path = lib/VTTransactionDetails.m; sourceTree = "<group>"; };
/* End PBXFileReference section */

/* Begin PBXFrameworksBuildPhase section */
		ED00F0CE1C58743600D70CCC /* Frameworks */ = {
			isa = PBXFrameworksBuildPhase;
			buildActionMask = 2147483647;
			files = (
			);
			runOnlyForDeploymentPostprocessing = 0;
		};
		ED00F0E21C58743600D70CCC /* Frameworks */ = {
			isa = PBXFrameworksBuildPhase;
			buildActionMask = 2147483647;
			files = (
			);
			runOnlyForDeploymentPostprocessing = 0;
		};
		ED00F0ED1C58743600D70CCC /* Frameworks */ = {
			isa = PBXFrameworksBuildPhase;
			buildActionMask = 2147483647;
			files = (
			);
			runOnlyForDeploymentPostprocessing = 0;
		};
/* End PBXFrameworksBuildPhase section */

/* Begin PBXGroup section */
		ED00F0C81C58743600D70CCC = {
			isa = PBXGroup;
			children = (
				C72D13561C5A37E30030B2CF /* SwiftyJSON.swift */,
				ED00F1021C5874C000D70CCC /* lib */,
				ED00F0D31C58743600D70CCC /* vt-IOSlib-SampleStore */,
				ED00F0E81C58743600D70CCC /* vt-IOSlib-SampleStoreTests */,
				ED00F0F31C58743600D70CCC /* vt-IOSlib-SampleStoreUITests */,
				ED00F0D21C58743600D70CCC /* Products */,
			);
			sourceTree = "<group>";
		};
		ED00F0D21C58743600D70CCC /* Products */ = {
			isa = PBXGroup;
			children = (
				ED00F0D11C58743600D70CCC /* vt-IOSlib-SampleStore.app */,
				ED00F0E51C58743600D70CCC /* vt-IOSlib-SampleStoreTests.xctest */,
				ED00F0F01C58743600D70CCC /* vt-IOSlib-SampleStoreUITests.xctest */,
			);
			name = Products;
			sourceTree = "<group>";
		};
		ED00F0D31C58743600D70CCC /* vt-IOSlib-SampleStore */ = {
			isa = PBXGroup;
			children = (
				ED00F0D41C58743600D70CCC /* AppDelegate.swift */,
				ED00F0D61C58743600D70CCC /* ViewController.swift */,
				ED00F0D81C58743600D70CCC /* Main.storyboard */,
				ED00F0DB1C58743600D70CCC /* Assets.xcassets */,
				ED00F0DD1C58743600D70CCC /* LaunchScreen.storyboard */,
				ED00F0E01C58743600D70CCC /* Info.plist */,
			);
			path = "vt-IOSlib-SampleStore";
			sourceTree = "<group>";
		};
		ED00F0E81C58743600D70CCC /* vt-IOSlib-SampleStoreTests */ = {
			isa = PBXGroup;
			children = (
				ED00F0E91C58743600D70CCC /* vt_IOSlib_SampleStoreTests.swift */,
				ED00F0EB1C58743600D70CCC /* Info.plist */,
			);
			path = "vt-IOSlib-SampleStoreTests";
			sourceTree = "<group>";
		};
		ED00F0F31C58743600D70CCC /* vt-IOSlib-SampleStoreUITests */ = {
			isa = PBXGroup;
			children = (
				ED00F0F41C58743600D70CCC /* vt_IOSlib_SampleStoreUITests.swift */,
				ED00F0F61C58743600D70CCC /* Info.plist */,
			);
			path = "vt-IOSlib-SampleStoreUITests";
			sourceTree = "<group>";
		};
		ED00F1021C5874C000D70CCC /* lib */ = {
			isa = PBXGroup;
			children = (
				ED00F1031C5874D200D70CCC /* VTAddress.h */,
				ED00F1041C5874D200D70CCC /* VTAddress.m */,
				ED00F1051C5874D200D70CCC /* VTBaseTransaction.h */,
				ED00F1061C5874D200D70CCC /* VTBaseTransaction.m */,
				ED00F1071C5874D200D70CCC /* VTBaseTransactionMethod.h */,
				ED00F1081C5874D200D70CCC /* VTBaseTransactionMethod.m */,
				ED00F1091C5874D200D70CCC /* VTCardDetails.h */,
				ED00F10A1C5874D200D70CCC /* VTCardDetails.m */,
				ED00F10B1C5874D200D70CCC /* VTConfig.h */,
				ED00F10C1C5874D200D70CCC /* VTConfig.m */,
				ED00F10D1C5874D200D70CCC /* VTCustomerDetails.h */,
				ED00F10E1C5874D200D70CCC /* VTCustomerDetails.m */,
				ED00F10F1C5874D200D70CCC /* VTDirect.h */,
				ED00F1101C5874D200D70CCC /* VTDirect.m */,
				ED00F1121C5874D200D70CCC /* VTiOSAPI.h */,
				ED00F1131C5874D200D70CCC /* VTiOSAPI.m */,
				ED00F1141C5874D200D70CCC /* VTItemDetails.h */,
				ED00F1151C5874D200D70CCC /* VTItemDetails.m */,
				ED00F1161C5874D200D70CCC /* VTToken.h */,
				ED00F1171C5874D200D70CCC /* VTToken.m */,
				ED00F1181C5874D200D70CCC /* VTTransactionDetails.h */,
				ED00F1191C5874D200D70CCC /* VTTransactionDetails.m */,
			);
			name = lib;
			sourceTree = "<group>";
		};
/* End PBXGroup section */

/* Begin PBXNativeTarget section */
		ED00F0D01C58743600D70CCC /* vt-IOSlib-SampleStore */ = {
			isa = PBXNativeTarget;
			buildConfigurationList = ED00F0F91C58743600D70CCC /* Build configuration list for PBXNativeTarget "vt-IOSlib-SampleStore" */;
			buildPhases = (
				ED00F0CD1C58743600D70CCC /* Sources */,
				ED00F0CE1C58743600D70CCC /* Frameworks */,
				ED00F0CF1C58743600D70CCC /* Resources */,
			);
			buildRules = (
			);
			dependencies = (
			);
			name = "vt-IOSlib-SampleStore";
			productName = "vt-IOSlib-SampleStore";
			productReference = ED00F0D11C58743600D70CCC /* vt-IOSlib-SampleStore.app */;
			productType = "com.apple.product-type.application";
		};
		ED00F0E41C58743600D70CCC /* vt-IOSlib-SampleStoreTests */ = {
			isa = PBXNativeTarget;
			buildConfigurationList = ED00F0FC1C58743600D70CCC /* Build configuration list for PBXNativeTarget "vt-IOSlib-SampleStoreTests" */;
			buildPhases = (
				ED00F0E11C58743600D70CCC /* Sources */,
				ED00F0E21C58743600D70CCC /* Frameworks */,
				ED00F0E31C58743600D70CCC /* Resources */,
			);
			buildRules = (
			);
			dependencies = (
				ED00F0E71C58743600D70CCC /* PBXTargetDependency */,
			);
			name = "vt-IOSlib-SampleStoreTests";
			productName = "vt-IOSlib-SampleStoreTests";
			productReference = ED00F0E51C58743600D70CCC /* vt-IOSlib-SampleStoreTests.xctest */;
			productType = "com.apple.product-type.bundle.unit-test";
		};
		ED00F0EF1C58743600D70CCC /* vt-IOSlib-SampleStoreUITests */ = {
			isa = PBXNativeTarget;
			buildConfigurationList = ED00F0FF1C58743600D70CCC /* Build configuration list for PBXNativeTarget "vt-IOSlib-SampleStoreUITests" */;
			buildPhases = (
				ED00F0EC1C58743600D70CCC /* Sources */,
				ED00F0ED1C58743600D70CCC /* Frameworks */,
				ED00F0EE1C58743600D70CCC /* Resources */,
			);
			buildRules = (
			);
			dependencies = (
				ED00F0F21C58743600D70CCC /* PBXTargetDependency */,
			);
			name = "vt-IOSlib-SampleStoreUITests";
			productName = "vt-IOSlib-SampleStoreUITests";
			productReference = ED00F0F01C58743600D70CCC /* vt-IOSlib-SampleStoreUITests.xctest */;
			productType = "com.apple.product-type.bundle.ui-testing";
		};
/* End PBXNativeTarget section */

/* Begin PBXProject section */
		ED00F0C91C58743600D70CCC /* Project object */ = {
			isa = PBXProject;
			attributes = {
				LastSwiftUpdateCheck = 0720;
				LastUpgradeCheck = 0720;
				TargetAttributes = {
					ED00F0D01C58743600D70CCC = {
						CreatedOnToolsVersion = 7.2;
					};
					ED00F0E41C58743600D70CCC = {
						CreatedOnToolsVersion = 7.2;
						TestTargetID = ED00F0D01C58743600D70CCC;
					};
					ED00F0EF1C58743600D70CCC = {
						CreatedOnToolsVersion = 7.2;
						TestTargetID = ED00F0D01C58743600D70CCC;
					};
				};
			};
			buildConfigurationList = ED00F0CC1C58743600D70CCC /* Build configuration list for PBXProject "vt-IOSlib-SampleStore" */;
			compatibilityVersion = "Xcode 3.2";
			developmentRegion = English;
			hasScannedForEncodings = 0;
			knownRegions = (
				en,
				Base,
			);
			mainGroup = ED00F0C81C58743600D70CCC;
			productRefGroup = ED00F0D21C58743600D70CCC /* Products */;
			projectDirPath = "";
			projectRoot = "";
			targets = (
				ED00F0D01C58743600D70CCC /* vt-IOSlib-SampleStore */,
				ED00F0E41C58743600D70CCC /* vt-IOSlib-SampleStoreTests */,
				ED00F0EF1C58743600D70CCC /* vt-IOSlib-SampleStoreUITests */,
			);
		};
/* End PBXProject section */

/* Begin PBXResourcesBuildPhase section */
		ED00F0CF1C58743600D70CCC /* Resources */ = {
			isa = PBXResourcesBuildPhase;
			buildActionMask = 2147483647;
			files = (
				ED00F0DF1C58743600D70CCC /* LaunchScreen.storyboard in Resources */,
				ED00F0DC1C58743600D70CCC /* Assets.xcassets in Resources */,
				ED00F0DA1C58743600D70CCC /* Main.storyboard in Resources */,
			);
			runOnlyForDeploymentPostprocessing = 0;
		};
		ED00F0E31C58743600D70CCC /* Resources */ = {
			isa = PBXResourcesBuildPhase;
			buildActionMask = 2147483647;
			files = (
			);
			runOnlyForDeploymentPostprocessing = 0;
		};
		ED00F0EE1C58743600D70CCC /* Resources */ = {
			isa = PBXResourcesBuildPhase;
			buildActionMask = 2147483647;
			files = (
			);
			runOnlyForDeploymentPostprocessing = 0;
		};
/* End PBXResourcesBuildPhase section */

/* Begin PBXSourcesBuildPhase section */
		ED00F0CD1C58743600D70CCC /* Sources */ = {
			isa = PBXSourcesBuildPhase;
			buildActionMask = 2147483647;
			files = (
				ED00F1241C5874D200D70CCC /* VTTransactionDetails.m in Sources */,
				ED00F1211C5874D200D70CCC /* VTiOSAPI.m in Sources */,
				ED00F11F1C5874D200D70CCC /* VTCustomerDetails.m in Sources */,
				ED00F1201C5874D200D70CCC /* VTDirect.m in Sources */,
				ED00F11D1C5874D200D70CCC /* VTCardDetails.m in Sources */,
				C72D13571C5A37E30030B2CF /* SwiftyJSON.swift in Sources */,
				ED00F0D71C58743600D70CCC /* ViewController.swift in Sources */,
				ED00F11E1C5874D200D70CCC /* VTConfig.m in Sources */,
				ED00F11B1C5874D200D70CCC /* VTBaseTransaction.m in Sources */,
				ED00F11C1C5874D200D70CCC /* VTBaseTransactionMethod.m in Sources */,
				ED00F11A1C5874D200D70CCC /* VTAddress.m in Sources */,
				ED00F0D51C58743600D70CCC /* AppDelegate.swift in Sources */,
				ED00F1221C5874D200D70CCC /* VTItemDetails.m in Sources */,
				ED00F1231C5874D200D70CCC /* VTToken.m in Sources */,
			);
			runOnlyForDeploymentPostprocessing = 0;
		};
		ED00F0E11C58743600D70CCC /* Sources */ = {
			isa = PBXSourcesBuildPhase;
			buildActionMask = 2147483647;
			files = (
				ED00F0EA1C58743600D70CCC /* vt_IOSlib_SampleStoreTests.swift in Sources */,
			);
			runOnlyForDeploymentPostprocessing = 0;
		};
		ED00F0EC1C58743600D70CCC /* Sources */ = {
			isa = PBXSourcesBuildPhase;
			buildActionMask = 2147483647;
			files = (
				ED00F0F51C58743600D70CCC /* vt_IOSlib_SampleStoreUITests.swift in Sources */,
			);
			runOnlyForDeploymentPostprocessing = 0;
		};
/* End PBXSourcesBuildPhase section */

/* Begin PBXTargetDependency section */
		ED00F0E71C58743600D70CCC /* PBXTargetDependency */ = {
			isa = PBXTargetDependency;
			target = ED00F0D01C58743600D70CCC /* vt-IOSlib-SampleStore */;
			targetProxy = ED00F0E61C58743600D70CCC /* PBXContainerItemProxy */;
		};
		ED00F0F21C58743600D70CCC /* PBXTargetDependency */ = {
			isa = PBXTargetDependency;
			target = ED00F0D01C58743600D70CCC /* vt-IOSlib-SampleStore */;
			targetProxy = ED00F0F11C58743600D70CCC /* PBXContainerItemProxy */;
		};
/* End PBXTargetDependency section */

/* Begin PBXVariantGroup section */
		ED00F0D81C58743600D70CCC /* Main.storyboard */ = {
			isa = PBXVariantGroup;
			children = (
				ED00F0D91C58743600D70CCC /* Base */,
			);
			name = Main.storyboard;
			sourceTree = "<group>";
		};
		ED00F0DD1C58743600D70CCC /* LaunchScreen.storyboard */ = {
			isa = PBXVariantGroup;
			children = (
				ED00F0DE1C58743600D70CCC /* Base */,
			);
			name = LaunchScreen.storyboard;
			sourceTree = "<group>";
		};
/* End PBXVariantGroup section */

/* Begin XCBuildConfiguration section */
		ED00F0F71C58743600D70CCC /* Debug */ = {
			isa = XCBuildConfiguration;
			buildSettings = {
				ALWAYS_SEARCH_USER_PATHS = NO;
				CLANG_CXX_LANGUAGE_STANDARD = "gnu++0x";
				CLANG_CXX_LIBRARY = "libc++";
				CLANG_ENABLE_MODULES = YES;
				CLANG_ENABLE_OBJC_ARC = YES;
				CLANG_WARN_BOOL_CONVERSION = YES;
				CLANG_WARN_CONSTANT_CONVERSION = YES;
				CLANG_WARN_DIRECT_OBJC_ISA_USAGE = YES_ERROR;
				CLANG_WARN_EMPTY_BODY = YES;
				CLANG_WARN_ENUM_CONVERSION = YES;
				CLANG_WARN_INT_CONVERSION = YES;
				CLANG_WARN_OBJC_ROOT_CLASS = YES_ERROR;
				CLANG_WARN_UNREACHABLE_CODE = YES;
				CLANG_WARN__DUPLICATE_METHOD_MATCH = YES;
				"CODE_SIGN_IDENTITY[sdk=iphoneos*]" = "iPhone Developer";
				COPY_PHASE_STRIP = NO;
				DEBUG_INFORMATION_FORMAT = dwarf;
				ENABLE_STRICT_OBJC_MSGSEND = YES;
				ENABLE_TESTABILITY = YES;
				GCC_C_LANGUAGE_STANDARD = gnu99;
				GCC_DYNAMIC_NO_PIC = NO;
				GCC_NO_COMMON_BLOCKS = YES;
				GCC_OPTIMIZATION_LEVEL = 0;
				GCC_PREPROCESSOR_DEFINITIONS = (
					"DEBUG=1",
					"$(inherited)",
				);
				GCC_WARN_64_TO_32_BIT_CONVERSION = YES;
				GCC_WARN_ABOUT_RETURN_TYPE = YES_ERROR;
				GCC_WARN_UNDECLARED_SELECTOR = YES;
				GCC_WARN_UNINITIALIZED_AUTOS = YES_AGGRESSIVE;
				GCC_WARN_UNUSED_FUNCTION = YES;
				GCC_WARN_UNUSED_VARIABLE = YES;
				IPHONEOS_DEPLOYMENT_TARGET = 9.2;
				MTL_ENABLE_DEBUG_INFO = YES;
				ONLY_ACTIVE_ARCH = YES;
				SDKROOT = iphoneos;
				SWIFT_OPTIMIZATION_LEVEL = "-Onone";
				TARGETED_DEVICE_FAMILY = "1,2";
			};
			name = Debug;
		};
		ED00F0F81C58743600D70CCC /* Release */ = {
			isa = XCBuildConfiguration;
			buildSettings = {
				ALWAYS_SEARCH_USER_PATHS = NO;
				CLANG_CXX_LANGUAGE_STANDARD = "gnu++0x";
				CLANG_CXX_LIBRARY = "libc++";
				CLANG_ENABLE_MODULES = YES;
				CLANG_ENABLE_OBJC_ARC = YES;
				CLANG_WARN_BOOL_CONVERSION = YES;
				CLANG_WARN_CONSTANT_CONVERSION = YES;
				CLANG_WARN_DIRECT_OBJC_ISA_USAGE = YES_ERROR;
				CLANG_WARN_EMPTY_BODY = YES;
				CLANG_WARN_ENUM_CONVERSION = YES;
				CLANG_WARN_INT_CONVERSION = YES;
				CLANG_WARN_OBJC_ROOT_CLASS = YES_ERROR;
				CLANG_WARN_UNREACHABLE_CODE = YES;
				CLANG_WARN__DUPLICATE_METHOD_MATCH = YES;
				"CODE_SIGN_IDENTITY[sdk=iphoneos*]" = "iPhone Developer";
				COPY_PHASE_STRIP = NO;
				DEBUG_INFORMATION_FORMAT = "dwarf-with-dsym";
				ENABLE_NS_ASSERTIONS = NO;
				ENABLE_STRICT_OBJC_MSGSEND = YES;
				GCC_C_LANGUAGE_STANDARD = gnu99;
				GCC_NO_COMMON_BLOCKS = YES;
				GCC_WARN_64_TO_32_BIT_CONVERSION = YES;
				GCC_WARN_ABOUT_RETURN_TYPE = YES_ERROR;
				GCC_WARN_UNDECLARED_SELECTOR = YES;
				GCC_WARN_UNINITIALIZED_AUTOS = YES_AGGRESSIVE;
				GCC_WARN_UNUSED_FUNCTION = YES;
				GCC_WARN_UNUSED_VARIABLE = YES;
				IPHONEOS_DEPLOYMENT_TARGET = 9.2;
				MTL_ENABLE_DEBUG_INFO = NO;
				SDKROOT = iphoneos;
				TARGETED_DEVICE_FAMILY = "1,2";
				VALIDATE_PRODUCT = YES;
			};
			name = Release;
		};
		ED00F0FA1C58743600D70CCC /* Debug */ = {
			isa = XCBuildConfiguration;
			buildSettings = {
				ASSETCATALOG_COMPILER_APPICON_NAME = AppIcon;
				CLANG_ENABLE_MODULES = YES;
				INFOPLIST_FILE = "vt-IOSlib-SampleStore/Info.plist";
				LD_RUNPATH_SEARCH_PATHS = "$(inherited) @executable_path/Frameworks";
				PRODUCT_BUNDLE_IDENTIFIER = "veritrans.vt-IOSlib-SampleStore";
				PRODUCT_NAME = "$(TARGET_NAME)";
				SWIFT_OBJC_BRIDGING_HEADER = "lib/VTiOSAPI-BridgingHeader.h";
				SWIFT_OPTIMIZATION_LEVEL = "-Onone";
			};
			name = Debug;
		};
		ED00F0FB1C58743600D70CCC /* Release */ = {
			isa = XCBuildConfiguration;
			buildSettings = {
				ASSETCATALOG_COMPILER_APPICON_NAME = AppIcon;
				CLANG_ENABLE_MODULES = YES;
				INFOPLIST_FILE = "vt-IOSlib-SampleStore/Info.plist";
				LD_RUNPATH_SEARCH_PATHS = "$(inherited) @executable_path/Frameworks";
				PRODUCT_BUNDLE_IDENTIFIER = "veritrans.vt-IOSlib-SampleStore";
				PRODUCT_NAME = "$(TARGET_NAME)";
				SWIFT_OBJC_BRIDGING_HEADER = "lib/VTiOSAPI-BridgingHeader.h";
			};
			name = Release;
		};
		ED00F0FD1C58743600D70CCC /* Debug */ = {
			isa = XCBuildConfiguration;
			buildSettings = {
				BUNDLE_LOADER = "$(TEST_HOST)";
				INFOPLIST_FILE = "vt-IOSlib-SampleStoreTests/Info.plist";
				LD_RUNPATH_SEARCH_PATHS = "$(inherited) @executable_path/Frameworks @loader_path/Frameworks";
				PRODUCT_BUNDLE_IDENTIFIER = "veritrans.vt-IOSlib-SampleStoreTests";
				PRODUCT_NAME = "$(TARGET_NAME)";
				TEST_HOST = "$(BUILT_PRODUCTS_DIR)/vt-IOSlib-SampleStore.app/vt-IOSlib-SampleStore";
			};
			name = Debug;
		};
		ED00F0FE1C58743600D70CCC /* Release */ = {
			isa = XCBuildConfiguration;
			buildSettings = {
				BUNDLE_LOADER = "$(TEST_HOST)";
				INFOPLIST_FILE = "vt-IOSlib-SampleStoreTests/Info.plist";
				LD_RUNPATH_SEARCH_PATHS = "$(inherited) @executable_path/Frameworks @loader_path/Frameworks";
				PRODUCT_BUNDLE_IDENTIFIER = "veritrans.vt-IOSlib-SampleStoreTests";
				PRODUCT_NAME = "$(TARGET_NAME)";
				TEST_HOST = "$(BUILT_PRODUCTS_DIR)/vt-IOSlib-SampleStore.app/vt-IOSlib-SampleStore";
			};
			name = Release;
		};
		ED00F1001C58743600D70CCC /* Debug */ = {
			isa = XCBuildConfiguration;
			buildSettings = {
				INFOPLIST_FILE = "vt-IOSlib-SampleStoreUITests/Info.plist";
				LD_RUNPATH_SEARCH_PATHS = "$(inherited) @executable_path/Frameworks @loader_path/Frameworks";
				PRODUCT_BUNDLE_IDENTIFIER = "veritrans.vt-IOSlib-SampleStoreUITests";
				PRODUCT_NAME = "$(TARGET_NAME)";
				TEST_TARGET_NAME = "vt-IOSlib-SampleStore";
				USES_XCTRUNNER = YES;
			};
			name = Debug;
		};
		ED00F1011C58743600D70CCC /* Release */ = {
			isa = XCBuildConfiguration;
			buildSettings = {
				INFOPLIST_FILE = "vt-IOSlib-SampleStoreUITests/Info.plist";
				LD_RUNPATH_SEARCH_PATHS = "$(inherited) @executable_path/Frameworks @loader_path/Frameworks";
				PRODUCT_BUNDLE_IDENTIFIER = "veritrans.vt-IOSlib-SampleStoreUITests";
				PRODUCT_NAME = "$(TARGET_NAME)";
				TEST_TARGET_NAME = "vt-IOSlib-SampleStore";
				USES_XCTRUNNER = YES;
			};
			name = Release;
		};
/* End XCBuildConfiguration section */

/* Begin XCConfigurationList section */
		ED00F0CC1C58743600D70CCC /* Build configuration list for PBXProject "vt-IOSlib-SampleStore" */ = {
			isa = XCConfigurationList;
			buildConfigurations = (
				ED00F0F71C58743600D70CCC /* Debug */,
				ED00F0F81C58743600D70CCC /* Release */,
			);
			defaultConfigurationIsVisible = 0;
			defaultConfigurationName = Release;
		};
		ED00F0F91C58743600D70CCC /* Build configuration list for PBXNativeTarget "vt-IOSlib-SampleStore" */ = {
			isa = XCConfigurationList;
			buildConfigurations = (
				ED00F0FA1C58743600D70CCC /* Debug */,
				ED00F0FB1C58743600D70CCC /* Release */,
			);
			defaultConfigurationIsVisible = 0;
			defaultConfigurationName = Release;
		};
		ED00F0FC1C58743600D70CCC /* Build configuration list for PBXNativeTarget "vt-IOSlib-SampleStoreTests" */ = {
			isa = XCConfigurationList;
			buildConfigurations = (
				ED00F0FD1C58743600D70CCC /* Debug */,
				ED00F0FE1C58743600D70CCC /* Release */,
			);
			defaultConfigurationIsVisible = 0;
			defaultConfigurationName = Release;
		};
		ED00F0FF1C58743600D70CCC /* Build configuration list for PBXNativeTarget "vt-IOSlib-SampleStoreUITests" */ = {
			isa = XCConfigurationList;
			buildConfigurations = (
				ED00F1001C58743600D70CCC /* Debug */,
				ED00F1011C58743600D70CCC /* Release */,
			);
			defaultConfigurationIsVisible = 0;
			defaultConfigurationName = Release;
		};
/* End XCConfigurationList section */
	};
	rootObject = ED00F0C91C58743600D70CCC /* Project object */;
}
